Microsoft Visual Studio Solution File, Format Version 12.00
# Visual Studio Version 16
VisualStudioVersion = 16.0.31112.23
MinimumVisualStudioVersion = 10.0.40219.1
Project("{FAE04EC0-301F-11D3-BF4B-00C04F79EFBC}") = "VSModLauncher", "VSModLauncher.csproj", "{203DFBF1-3599-43FD-8487-E1C79C2B788F}"
	ProjectSection(ProjectDependencies) = postProject
		{2321A551-A32D-49B0-BF4F-22138D95A207} = {2321A551-A32D-49B0-BF4F-22138D95A207}
		{36C91EE7-484E-4A49-8834-E3502F0FF8CF} = {36C91EE7-484E-4A49-8834-E3502F0FF8CF}
	EndProjectSection
EndProject
Project("{FAE04EC0-301F-11D3-BF4B-00C04F79EFBC}") = "qptech", "mods-src\qptech\qptech.csproj", "{36C91EE7-484E-4A49-8834-E3502F0FF8CF}"
EndProject
Project("{FAE04EC0-301F-11D3-BF4B-00C04F79EFBC}") = "assets", "mods\assets.csproj", "{2321A551-A32D-49B0-BF4F-22138D95A207}"
EndProject
Project("{FAE04EC0-301F-11D3-BF4B-00C04F79EFBC}") = "chisel", "mods-src\chisel\chisel.csproj", "{469E5A92-4ED2-4657-8954-A1A87398515A}"
EndProject
Project("{FAE04EC0-301F-11D3-BF4B-00C04F79EFBC}") = "modernblocks", "mods-src\ModernBlocks\modernblocks.csproj", "{F184E767-D26E-49FB-B464-BD3F40A03F62}"
EndProject
Project("{FAE04EC0-301F-11D3-BF4B-00C04F79EFBC}") = "rustandrails", "mods-src\RustAndRails\rustandrails.csproj", "{84B5FBCC-1984-48D8-A63F-7E7786E97E9F}"
EndProject
Global
	GlobalSection(SolutionConfigurationPlatforms) = preSolution
		assets|Any CPU = assets|Any CPU
		Debug|Any CPU = Debug|Any CPU
		Release x64|Any CPU = Release x64|Any CPU
		Release|Any CPU = Release|Any CPU
	EndGlobalSection
	GlobalSection(ProjectConfigurationPlatforms) = postSolution
		{203DFBF1-3599-43FD-8487-E1C79C2B788F}.assets|Any CPU.ActiveCfg = Debug|Any CPU
		{203DFBF1-3599-43FD-8487-E1C79C2B788F}.Debug|Any CPU.ActiveCfg = Debug|Any CPU
		{203DFBF1-3599-43FD-8487-E1C79C2B788F}.Release x64|Any CPU.ActiveCfg = Release|Any CPU
		{203DFBF1-3599-43FD-8487-E1C79C2B788F}.Release x64|Any CPU.Build.0 = Release|Any CPU
		{203DFBF1-3599-43FD-8487-E1C79C2B788F}.Release|Any CPU.ActiveCfg = Release|Any CPU
		{36C91EE7-484E-4A49-8834-E3502F0FF8CF}.assets|Any CPU.ActiveCfg = Debug|Any CPU
		{36C91EE7-484E-4A49-8834-E3502F0FF8CF}.assets|Any CPU.Build.0 = Debug|Any CPU
		{36C91EE7-484E-4A49-8834-E3502F0FF8CF}.Debug|Any CPU.ActiveCfg = Debug|Any CPU
		{36C91EE7-484E-4A49-8834-E3502F0FF8CF}.Debug|Any CPU.Build.0 = Debug|Any CPU
		{36C91EE7-484E-4A49-8834-E3502F0FF8CF}.Release x64|Any CPU.ActiveCfg = Release|Any CPU
		{36C91EE7-484E-4A49-8834-E3502F0FF8CF}.Release x64|Any CPU.Build.0 = Release|Any CPU
		{36C91EE7-484E-4A49-8834-E3502F0FF8CF}.Release|Any CPU.ActiveCfg = Release|Any CPU
		{36C91EE7-484E-4A49-8834-E3502F0FF8CF}.Release|Any CPU.Build.0 = Release|Any CPU
		{2321A551-A32D-49B0-BF4F-22138D95A207}.assets|Any CPU.ActiveCfg = Debug|Any CPU
		{2321A551-A32D-49B0-BF4F-22138D95A207}.Debug|Any CPU.ActiveCfg = Debug|Any CPU
		{2321A551-A32D-49B0-BF4F-22138D95A207}.Release x64|Any CPU.ActiveCfg = Debug|Any CPU
		{2321A551-A32D-49B0-BF4F-22138D95A207}.Release x64|Any CPU.Build.0 = Debug|Any CPU
		{2321A551-A32D-49B0-BF4F-22138D95A207}.Release|Any CPU.ActiveCfg = Debug|Any CPU
		{469E5A92-4ED2-4657-8954-A1A87398515A}.assets|Any CPU.ActiveCfg = Debug|Any CPU
		{469E5A92-4ED2-4657-8954-A1A87398515A}.assets|Any CPU.Build.0 = Debug|Any CPU
		{469E5A92-4ED2-4657-8954-A1A87398515A}.Debug|Any CPU.ActiveCfg = Debug|Any CPU
		{469E5A92-4ED2-4657-8954-A1A87398515A}.Debug|Any CPU.Build.0 = Debug|Any CPU
		{469E5A92-4ED2-4657-8954-A1A87398515A}.Release x64|Any CPU.ActiveCfg = Release|Any CPU
		{469E5A92-4ED2-4657-8954-A1A87398515A}.Release x64|Any CPU.Build.0 = Release|Any CPU
		{469E5A92-4ED2-4657-8954-A1A87398515A}.Release|Any CPU.ActiveCfg = Release|Any CPU
		{469E5A92-4ED2-4657-8954-A1A87398515A}.Release|Any CPU.Build.0 = Release|Any CPU
		{F184E767-D26E-49FB-B464-BD3F40A03F62}.assets|Any CPU.ActiveCfg = Debug|Any CPU
		{F184E767-D26E-49FB-B464-BD3F40A03F62}.assets|Any CPU.Build.0 = Debug|Any CPU
		{F184E767-D26E-49FB-B464-BD3F40A03F62}.Debug|Any CPU.ActiveCfg = Debug|Any CPU
		{F184E767-D26E-49FB-B464-BD3F40A03F62}.Debug|Any CPU.Build.0 = Debug|Any CPU
		{F184E767-D26E-49FB-B464-BD3F40A03F62}.Release x64|Any CPU.ActiveCfg = Release|Any CPU
		{F184E767-D26E-49FB-B464-BD3F40A03F62}.Release x64|Any CPU.Build.0 = Release|Any CPU
		{F184E767-D26E-49FB-B464-BD3F40A03F62}.Release|Any CPU.ActiveCfg = Release|Any CPU
		{F184E767-D26E-49FB-B464-BD3F40A03F62}.Release|Any CPU.Build.0 = Release|Any CPU
		{84B5FBCC-1984-48D8-A63F-7E7786E97E9F}.assets|Any CPU.ActiveCfg = Debug|Any CPU
		{84B5FBCC-1984-48D8-A63F-7E7786E97E9F}.assets|Any CPU.Build.0 = Debug|Any CPU
		{84B5FBCC-1984-48D8-A63F-7E7786E97E9F}.Debug|Any CPU.ActiveCfg = Debug|Any CPU
		{84B5FBCC-1984-48D8-A63F-7E7786E97E9F}.Debug|Any CPU.Build.0 = Debug|Any CPU
		{84B5FBCC-1984-48D8-A63F-7E7786E97E9F}.Release x64|Any CPU.ActiveCfg = Release|Any CPU
		{84B5FBCC-1984-48D8-A63F-7E7786E97E9F}.Release x64|Any CPU.Build.0 = Release|Any CPU
		{84B5FBCC-1984-48D8-A63F-7E7786E97E9F}.Release|Any CPU.ActiveCfg = Release|Any CPU
		{84B5FBCC-1984-48D8-A63F-7E7786E97E9F}.Release|Any CPU.Build.0 = Release|Any CPU
	EndGlobalSection
	GlobalSection(SolutionProperties) = preSolution
		HideSolutionNode = FALSE
	EndGlobalSection
	GlobalSection(ExtensibilityGlobals) = postSolution
		SolutionGuid = {26630D08-373A-4935-AEEC-2864013A5F5B}
	EndGlobalSection
EndGlobal
